// !$*UTF8*$!
{
	archiveVersion = 1;
	classes = {
	};
	objectVersion = 56;
	objects = {

/* Begin PBXBuildFile section */
		780BF9AE2A9876C100B3B91F /* AppDelegate.swift in Sources */ = {isa = PBXBuildFile; fileRef = 780BF9AD2A9876C100B3B91F /* AppDelegate.swift */; };
		780BF9B02A9876C100B3B91F /* SceneDelegate.swift in Sources */ = {isa = PBXBuildFile; fileRef = 780BF9AF2A9876C100B3B91F /* SceneDelegate.swift */; };
		780BF9B22A9876C100B3B91F /* ViewController.swift in Sources */ = {isa = PBXBuildFile; fileRef = 780BF9B12A9876C100B3B91F /* ViewController.swift */; };
		780BF9B52A9876C100B3B91F /* Main.storyboard in Resources */ = {isa = PBXBuildFile; fileRef = 780BF9B32A9876C100B3B91F /* Main.storyboard */; };
		780BF9B72A9876C300B3B91F /* Assets.xcassets in Resources */ = {isa = PBXBuildFile; fileRef = 780BF9B62A9876C300B3B91F /* Assets.xcassets */; };
		780BF9BA2A9876C300B3B91F /* LaunchScreen.storyboard in Resources */ = {isa = PBXBuildFile; fileRef = 780BF9B82A9876C300B3B91F /* LaunchScreen.storyboard */; };
		780BF9C42A99CC0500B3B91F /* AboutViewController.swift in Sources */ = {isa = PBXBuildFile; fileRef = 780BF9C32A99CC0500B3B91F /* AboutViewController.swift */; };
		7831DEBF2AB3D05700095E36 /* README.md in Resources */ = {isa = PBXBuildFile; fileRef = 7831DEBE2AB3D05700095E36 /* README.md */; };
		7831DEDF2AB3E1D100095E36 /* win-image.png in Resources */ = {isa = PBXBuildFile; fileRef = 7831DEDC2AB3E1D100095E36 /* win-image.png */; };
		7831DEE02AB3E1D100095E36 /* start-image.png in Resources */ = {isa = PBXBuildFile; fileRef = 7831DEDD2AB3E1D100095E36 /* start-image.png */; };
		7831DEE12AB3E1D100095E36 /* info-image.png in Resources */ = {isa = PBXBuildFile; fileRef = 7831DEDE2AB3E1D100095E36 /* info-image.png */; };
/* End PBXBuildFile section */

/* Begin PBXFileReference section */
		780BF9AA2A9876C100B3B91F /* BullsEye.app */ = {isa = PBXFileReference; explicitFileType = wrapper.application; includeInIndex = 0; path = BullsEye.app; sourceTree = BUILT_PRODUCTS_DIR; };
		780BF9AD2A9876C100B3B91F /* AppDelegate.swift */ = {isa = PBXFileReference; lastKnownFileType = sourcecode.swift; path = AppDelegate.swift; sourceTree = "<group>"; };
		780BF9AF2A9876C100B3B91F /* SceneDelegate.swift */ = {isa = PBXFileReference; lastKnownFileType = sourcecode.swift; path = SceneDelegate.swift; sourceTree = "<group>"; };
		780BF9B12A9876C100B3B91F /* ViewController.swift */ = {isa = PBXFileReference; lastKnownFileType = sourcecode.swift; path = ViewController.swift; sourceTree = "<group>"; };
		780BF9B42A9876C100B3B91F /* Base */ = {isa = PBXFileReference; lastKnownFileType = file.storyboard; name = Base; path = Base.lproj/Main.storyboard; sourceTree = "<group>"; };
		780BF9B62A9876C300B3B91F /* Assets.xcassets */ = {isa = PBXFileReference; lastKnownFileType = folder.assetcatalog; path = Assets.xcassets; sourceTree = "<group>"; };
		780BF9B92A9876C300B3B91F /* Base */ = {isa = PBXFileReference; lastKnownFileType = file.storyboard; name = Base; path = Base.lproj/LaunchScreen.storyboard; sourceTree = "<group>"; };
		780BF9BB2A9876C300B3B91F /* Info.plist */ = {isa = PBXFileReference; lastKnownFileType = text.plist.xml; path = Info.plist; sourceTree = "<group>"; };
		780BF9C32A99CC0500B3B91F /* AboutViewController.swift */ = {isa = PBXFileReference; lastKnownFileType = sourcecode.swift; path = AboutViewController.swift; sourceTree = "<group>"; };
		7831DEBE2AB3D05700095E36 /* README.md */ = {isa = PBXFileReference; lastKnownFileType = net.daringfireball.markdown; path = README.md; sourceTree = "<group>"; };
		7831DEDC2AB3E1D100095E36 /* win-image.png */ = {isa = PBXFileReference; lastKnownFileType = image.png; path = "win-image.png"; sourceTree = "<group>"; };
		7831DEDD2AB3E1D100095E36 /* start-image.png */ = {isa = PBXFileReference; lastKnownFileType = image.png; path = "start-image.png"; sourceTree = "<group>"; };
		7831DEDE2AB3E1D100095E36 /* info-image.png */ = {isa = PBXFileReference; lastKnownFileType = image.png; path = "info-image.png"; sourceTree = "<group>"; };
/* End PBXFileReference section */

/* Begin PBXFrameworksBuildPhase section */
		780BF9A72A9876C100B3B91F /* Frameworks */ = {
			isa = PBXFrameworksBuildPhase;
			buildActionMask = 2147483647;
			files = (
			);
			runOnlyForDeploymentPostprocessing = 0;
		};
/* End PBXFrameworksBuildPhase section */

/* Begin PBXGroup section */
		780BF9A12A9876C000B3B91F = {
			isa = PBXGroup;
			children = (
				780BF9AC2A9876C100B3B91F /* BullsEye */,
				7831DEC92AB3DD6600095E36 /* Screenshots */,
				7831DEBE2AB3D05700095E36 /* README.md */,
				780BF9AB2A9876C100B3B91F /* Products */,
			);
			sourceTree = "<group>";
		};
		780BF9AB2A9876C100B3B91F /* Products */ = {
			isa = PBXGroup;
			children = (
				780BF9AA2A9876C100B3B91F /* BullsEye.app */,
			);
			name = Products;
			sourceTree = "<group>";
		};
		780BF9AC2A9876C100B3B91F /* BullsEye */ = {
			isa = PBXGroup;
			children = (
				780BF9AD2A9876C100B3B91F /* AppDelegate.swift */,
				780BF9AF2A9876C100B3B91F /* SceneDelegate.swift */,
				780BF9C32A99CC0500B3B91F /* AboutViewController.swift */,
				780BF9B12A9876C100B3B91F /* ViewController.swift */,
				780BF9B32A9876C100B3B91F /* Main.storyboard */,
				780BF9B62A9876C300B3B91F /* Assets.xcassets */,
				780BF9B82A9876C300B3B91F /* LaunchScreen.storyboard */,
				780BF9BB2A9876C300B3B91F /* Info.plist */,
			);
			path = BullsEye;
			sourceTree = "<group>";
		};
		7831DEC92AB3DD6600095E36 /* Screenshots */ = {
			isa = PBXGroup;
			children = (
				7831DEDE2AB3E1D100095E36 /* info-image.png */,
				7831DEDD2AB3E1D100095E36 /* start-image.png */,
				7831DEDC2AB3E1D100095E36 /* win-image.png */,
			);
			path = Screenshots;
			sourceTree = "<group>";
		};
/* End PBXGroup section */

/* Begin PBXNativeTarget section */
		780BF9A92A9876C100B3B91F /* BullsEye */ = {
			isa = PBXNativeTarget;
			buildConfigurationList = 780BF9BE2A9876C300B3B91F /* Build configuration list for PBXNativeTarget "BullsEye" */;
			buildPhases = (
				780BF9A62A9876C100B3B91F /* Sources */,
				780BF9A72A9876C100B3B91F /* Frameworks */,
				780BF9A82A9876C100B3B91F /* Resources */,
			);
			buildRules = (
			);
			dependencies = (
			);
			name = BullsEye;
			productName = BullsEye;
			productReference = 780BF9AA2A9876C100B3B91F /* BullsEye.app */;
			productType = "com.apple.product-type.application";
		};
/* End PBXNativeTarget section */

/* Begin PBXProject section */
		780BF9A22A9876C000B3B91F /* Project object */ = {
			isa = PBXProject;
			attributes = {
				BuildIndependentTargetsInParallel = 1;
				LastSwiftUpdateCheck = 1430;
				LastUpgradeCheck = 1430;
				TargetAttributes = {
					780BF9A92A9876C100B3B91F = {
						CreatedOnToolsVersion = 14.3.1;
					};
				};
			};
			buildConfigurationList = 780BF9A52A9876C000B3B91F /* Build configuration list for PBXProject "BullsEye" */;
			compatibilityVersion = "Xcode 14.0";
			developmentRegion = en;
			hasScannedForEncodings = 0;
			knownRegions = (
				en,
				Base,
			);
			mainGroup = 780BF9A12A9876C000B3B91F;
			productRefGroup = 780BF9AB2A9876C100B3B91F /* Products */;
			projectDirPath = "";
			projectRoot = "";
			targets = (
				780BF9A92A9876C100B3B91F /* BullsEye */,
			);
		};
/* End PBXProject section */

/* Begin PBXResourcesBuildPhase section */
		780BF9A82A9876C100B3B91F /* Resources */ = {
			isa = PBXResourcesBuildPhase;
			buildActionMask = 2147483647;
			files = (
				780BF9BA2A9876C300B3B91F /* LaunchScreen.storyboard in Resources */,
				7831DEE12AB3E1D100095E36 /* info-image.png in Resources */,
				780BF9B72A9876C300B3B91F /* Assets.xcassets in Resources */,
				7831DEDF2AB3E1D100095E36 /* win-image.png in Resources */,
				7831DEBF2AB3D05700095E36 /* README.md in Resources */,
				7831DEE02AB3E1D100095E36 /* start-image.png in Resources */,
				780BF9B52A9876C100B3B91F /* Main.storyboard in Resources */,
			);
			runOnlyForDeploymentPostprocessing = 0;
		};
/* End PBXResourcesBuildPhase section */

/* Begin PBXSourcesBuildPhase section */
		780BF9A62A9876C100B3B91F /* Sources */ = {
			isa = PBXSourcesBuildPhase;
			buildActionMask = 2147483647;
			files = (
				780BF9B22A9876C100B3B91F /* ViewController.swift in Sources */,
				780BF9AE2A9876C100B3B91F /* AppDelegate.swift in Sources */,
				780BF9C42A99CC0500B3B91F /* AboutViewController.swift in Sources */,
				780BF9B02A9876C100B3B91F /* SceneDelegate.swift in Sources */,
			);
			runOnlyForDeploymentPostprocessing = 0;
		};
/* End PBXSourcesBuildPhase section */

/* Begin PBXVariantGroup section */
		780BF9B32A9876C100B3B91F /* Main.storyboard */ = {
			isa = PBXVariantGroup;
			children = (
				780BF9B42A9876C100B3B91F /* Base */,
			);
			name = Main.storyboard;
			sourceTree = "<group>";
		};
		780BF9B82A9876C300B3B91F /* LaunchScreen.storyboard */ = {
			isa = PBXVariantGroup;
			children = (
				780BF9B92A9876C300B3B91F /* Base */,
			);
			name = LaunchScreen.storyboard;
			sourceTree = "<group>";
		};
/* End PBXVariantGroup section */

/* Begin XCBuildConfiguration section */
		780BF9BC2A9876C300B3B91F /* Debug */ = {
			isa = XCBuildConfiguration;
			buildSettings = {
				ALWAYS_SEARCH_USER_PATHS = NO;
				CLANG_ANALYZER_NONNULL = YES;
				CLANG_ANALYZER_NUMBER_OBJECT_CONVERSION = YES_AGGRESSIVE;
				CLANG_CXX_LANGUAGE_STANDARD = "gnu++20";
				CLANG_ENABLE_MODULES = YES;
				CLANG_ENABLE_OBJC_ARC = YES;
				CLANG_ENABLE_OBJC_WEAK = YES;
				CLANG_WARN_BLOCK_CAPTURE_AUTORELEASING = YES;
				CLANG_WARN_BOOL_CONVERSION = YES;
				CLANG_WARN_COMMA = YES;
				CLANG_WARN_CONSTANT_CONVERSION = YES;
				CLANG_WARN_DEPRECATED_OBJC_IMPLEMENTATIONS = YES;
				CLANG_WARN_DIRECT_OBJC_ISA_USAGE = YES_ERROR;
				CLANG_WARN_DOCUMENTATION_COMMENTS = YES;
				CLANG_WARN_EMPTY_BODY = YES;
				CLANG_WARN_ENUM_CONVERSION = YES;
				CLANG_WARN_INFINITE_RECURSION = YES;
				CLANG_WARN_INT_CONVERSION = YES;
				CLANG_WARN_NON_LITERAL_NULL_CONVERSION = YES;
				CLANG_WARN_OBJC_IMPLICIT_RETAIN_SELF = YES;
				CLANG_WARN_OBJC_LITERAL_CONVERSION = YES;
				CLANG_WARN_OBJC_ROOT_CLASS = YES_ERROR;
				CLANG_WARN_QUOTED_INCLUDE_IN_FRAMEWORK_HEADER = YES;
				CLANG_WARN_RANGE_LOOP_ANALYSIS = YES;
				CLANG_WARN_STRICT_PROTOTYPES = YES;
				CLANG_WARN_SUSPICIOUS_MOVE = YES;
				CLANG_WARN_UNGUARDED_AVAILABILITY = YES_AGGRESSIVE;
				CLANG_WARN_UNREACHABLE_CODE = YES;
				CLANG_WARN__DUPLICATE_METHOD_MATCH = YES;
				COPY_PHASE_STRIP = NO;
				DEBUG_INFORMATION_FORMAT = dwarf;
				ENABLE_STRICT_OBJC_MSGSEND = YES;
				ENABLE_TESTABILITY = YES;
				GCC_C_LANGUAGE_STANDARD = gnu11;
				GCC_DYNAMIC_NO_PIC = NO;
				GCC_NO_COMMON_BLOCKS = YES;
				GCC_OPTIMIZATION_LEVEL = 0;
				GCC_PREPROCESSOR_DEFINITIONS = (
					"DEBUG=1",
					"$(inherited)",
				);
				GCC_WARN_64_TO_32_BIT_CONVERSION = YES;
				GCC_WARN_ABOUT_RETURN_TYPE = YES_ERROR;
				GCC_WARN_UNDECLARED_SELECTOR = YES;
				GCC_WARN_UNINITIALIZED_AUTOS = YES_AGGRESSIVE;
				GCC_WARN_UNUSED_FUNCTION = YES;
				GCC_WARN_UNUSED_VARIABLE = YES;
				IPHONEOS_DEPLOYMENT_TARGET = 16.4;
				MTL_ENABLE_DEBUG_INFO = INCLUDE_SOURCE;
				MTL_FAST_MATH = YES;
				ONLY_ACTIVE_ARCH = YES;
				SDKROOT = iphoneos;
				SWIFT_ACTIVE_COMPILATION_CONDITIONS = DEBUG;
				SWIFT_OPTIMIZATION_LEVEL = "-Onone";
			};
			name = Debug;
		};
		780BF9BD2A9876C300B3B91F /* Release */ = {
			isa = XCBuildConfiguration;
			buildSettings = {
				ALWAYS_SEARCH_USER_PATHS = NO;
				CLANG_ANALYZER_NONNULL = YES;
				CLANG_ANALYZER_NUMBER_OBJECT_CONVERSION = YES_AGGRESSIVE;
				CLANG_CXX_LANGUAGE_STANDARD = "gnu++20";
				CLANG_ENABLE_MODULES = YES;
				CLANG_ENABLE_OBJC_ARC = YES;
				CLANG_ENABLE_OBJC_WEAK = YES;
				CLANG_WARN_BLOCK_CAPTURE_AUTORELEASING = YES;
				CLANG_WARN_BOOL_CONVERSION = YES;
				CLANG_WARN_COMMA = YES;
				CLANG_WARN_CONSTANT_CONVERSION = YES;
				CLANG_WARN_DEPRECATED_OBJC_IMPLEMENTATIONS = YES;
				CLANG_WARN_DIRECT_OBJC_ISA_USAGE = YES_ERROR;
				CLANG_WARN_DOCUMENTATION_COMMENTS = YES;
				CLANG_WARN_EMPTY_BODY = YES;
				CLANG_WARN_ENUM_CONVERSION = YES;
				CLANG_WARN_INFINITE_RECURSION = YES;
				CLANG_WARN_INT_CONVERSION = YES;
				CLANG_WARN_NON_LITERAL_NULL_CONVERSION = YES;
				CLANG_WARN_OBJC_IMPLICIT_RETAIN_SELF = YES;
				CLANG_WARN_OBJC_LITERAL_CONVERSION = YES;
				CLANG_WARN_OBJC_ROOT_CLASS = YES_ERROR;
				CLANG_WARN_QUOTED_INCLUDE_IN_FRAMEWORK_HEADER = YES;
				CLANG_WARN_RANGE_LOOP_ANALYSIS = YES;
				CLANG_WARN_STRICT_PROTOTYPES = YES;
				CLANG_WARN_SUSPICIOUS_MOVE = YES;
				CLANG_WARN_UNGUARDED_AVAILABILITY = YES_AGGRESSIVE;
				CLANG_WARN_UNREACHABLE_CODE = YES;
				CLANG_WARN__DUPLICATE_METHOD_MATCH = YES;
				COPY_PHASE_STRIP = NO;
				DEBUG_INFORMATION_FORMAT = "dwarf-with-dsym";
				ENABLE_NS_ASSERTIONS = NO;
				ENABLE_STRICT_OBJC_MSGSEND = YES;
				GCC_C_LANGUAGE_STANDARD = gnu11;
				GCC_NO_COMMON_BLOCKS = YES;
				GCC_WARN_64_TO_32_BIT_CONVERSION = YES;
				GCC_WARN_ABOUT_RETURN_TYPE = YES_ERROR;
				GCC_WARN_UNDECLARED_SELECTOR = YES;
				GCC_WARN_UNINITIALIZED_AUTOS = YES_AGGRESSIVE;
				GCC_WARN_UNUSED_FUNCTION = YES;
				GCC_WARN_UNUSED_VARIABLE = YES;
				IPHONEOS_DEPLOYMENT_TARGET = 16.4;
				MTL_ENABLE_DEBUG_INFO = NO;
				MTL_FAST_MATH = YES;
				SDKROOT = iphoneos;
				SWIFT_COMPILATION_MODE = wholemodule;
				SWIFT_OPTIMIZATION_LEVEL = "-O";
				VALIDATE_PRODUCT = YES;
			};
			name = Release;
		};
		780BF9BF2A9876C300B3B91F /* Debug */ = {
			isa = XCBuildConfiguration;
			buildSettings = {
				ASSETCATALOG_COMPILER_APPICON_NAME = AppIcon;
				ASSETCATALOG_COMPILER_GLOBAL_ACCENT_COLOR_NAME = AccentColor;
				CODE_SIGN_STYLE = Automatic;
				CURRENT_PROJECT_VERSION = 1;
				GENERATE_INFOPLIST_FILE = YES;
				INFOPLIST_FILE = BullsEye/Info.plist;
				INFOPLIST_KEY_CFBundleDisplayName = "Bull's Eye";
				INFOPLIST_KEY_LSApplicationCategoryType = "public.app-category.games";
				INFOPLIST_KEY_UIApplicationSupportsIndirectInputEvents = YES;
				INFOPLIST_KEY_UILaunchStoryboardName = LaunchScreen;
				INFOPLIST_KEY_UIMainStoryboardFile = Main;
				INFOPLIST_KEY_UISupportedInterfaceOrientations = UIInterfaceOrientationPortrait;
				LD_RUNPATH_SEARCH_PATHS = (
					"$(inherited)",
					"@executable_path/Frameworks",
				);
				MARKETING_VERSION = 1.0;
				PRODUCT_BUNDLE_IDENTIFIER = anikin02.BullsEye;
				PRODUCT_NAME = "$(TARGET_NAME)";
				SWIFT_EMIT_LOC_STRINGS = YES;
				SWIFT_VERSION = 5.0;
				TARGETED_DEVICE_FAMILY = "1,2";
			};
			name = Debug;
		};
		780BF9C02A9876C300B3B91F /* Release */ = {
			isa = XCBuildConfiguration;
			buildSettings = {
				ASSETCATALOG_COMPILER_APPICON_NAME = AppIcon;
				ASSETCATALOG_COMPILER_GLOBAL_ACCENT_COLOR_NAME = AccentColor;
				CODE_SIGN_STYLE = Automatic;
				CURRENT_PROJECT_VERSION = 1;
				GENERATE_INFOPLIST_FILE = YES;
				INFOPLIST_FILE = BullsEye/Info.plist;
				INFOPLIST_KEY_CFBundleDisplayName = "Bull's Eye";
				INFOPLIST_KEY_LSApplicationCategoryType = "public.app-category.games";
				INFOPLIST_KEY_UIApplicationSupportsIndirectInputEvents = YES;
				INFOPLIST_KEY_UILaunchStoryboardName = LaunchScreen;
				INFOPLIST_KEY_UIMainStoryboardFile = Main;
				INFOPLIST_KEY_UISupportedInterfaceOrientations = UIInterfaceOrientationPortrait;
				LD_RUNPATH_SEARCH_PATHS = (
					"$(inherited)",
					"@executable_path/Frameworks",
				);
				MARKETING_VERSION = 1.0;
				PRODUCT_BUNDLE_IDENTIFIER = anikin02.BullsEye;
				PRODUCT_NAME = "$(TARGET_NAME)";
				SWIFT_EMIT_LOC_STRINGS = YES;
				SWIFT_VERSION = 5.0;
				TARGETED_DEVICE_FAMILY = "1,2";
			};
			name = Release;
		};
/* End XCBuildConfiguration section */

/* Begin XCConfigurationList section */
		780BF9A52A9876C000B3B91F /* Build configuration list for PBXProject "BullsEye" */ = {
			isa = XCConfigurationList;
			buildConfigurations = (
				780BF9BC2A9876C300B3B91F /* Debug */,
				780BF9BD2A9876C300B3B91F /* Release */,
			);
			defaultConfigurationIsVisible = 0;
			defaultConfigurationName = Release;
		};
		780BF9BE2A9876C300B3B91F /* Build configuration list for PBXNativeTarget "BullsEye" */ = {
			isa = XCConfigurationList;
			buildConfigurations = (
				780BF9BF2A9876C300B3B91F /* Debug */,
				780BF9C02A9876C300B3B91F /* Release */,
			);
			defaultConfigurationIsVisible = 0;
			defaultConfigurationName = Release;
		};
/* End XCConfigurationList section */
	};
	rootObject = 780BF9A22A9876C000B3B91F /* Project object */;
}
